Microsoft Visual Studio Solution File, Format Version 12.00
# Visual Studio Version 17
VisualStudioVersion = 17.11.35312.102
MinimumVisualStudioVersion = 10.0.40219.1
Project("{FAE04EC0-301F-11D3-BF4B-00C04F79EFBC}") = "DisconnectConfirmation", "DisconnectConfirmation/DisconnectConfirmation.csproj", "{29432981-B07F-45BC-B811-078C30F2EC8C}"
EndProject
Global
    GlobalSection(SolutionConfigurationPlatforms) = preSolution
        Debug|x64 = Debug|x64
        Release|x64 = Release|x64
    EndGlobalSection
    GlobalSection(ProjectConfigurationPlatforms) = postSolution
        {29432981-B07F-45BC-B811-078C30F2EC8C}.Debug|x64.ActiveCfg = Debug|x64
        {29432981-B07F-45BC-B811-078C30F2EC8C}.Debug|x64.Build.0 = Debug|x64
        {29432981-B07F-45BC-B811-078C30F2EC8C}.Release|x64.ActiveCfg = Release|x64
        {29432981-B07F-45BC-B811-078C30F2EC8C}.Release|x64.Build.0 = Release|x64
    EndGlobalSection
    GlobalSection(SolutionProperties) = preSolution
        HideSolutionNode = FALSE
    EndGlobalSection
    GlobalSection(ExtensibilityGlobals) = postSolution
        SolutionGuid = {4A8975C1-A9A8-4C1C-96C2-B1C5DE164CB0}
    EndGlobalSection
EndGlobal